
Microsoft Visual Studio Solution File, Format Version 12.00
# Visual Studio Version 16
VisualStudioVersion = 16.0.31702.278
MinimumVisualStudioVersion = 10.0.40219.1
Project("{FAE04EC0-301F-11D3-BF4B-00C04F79EFBC}") = "MediaPlayerDemo", "MediaPlayerDemo\MediaPlayerDemo.csproj", "{35F0207C-4CDC-4200-8C3D-600014E49CC0}"
EndProject
Project("{FAE04EC0-301F-11D3-BF4B-00C04F79EFBC}") = "MediaPlayerDemo.Tests", "MediaPlayerDemo.Tests\MediaPlayerDemo.Tests.csproj", "{94E51EC5-3369-4F93-809A-58C90157FB90}"
EndProject
Global
	GlobalSection(SolutionConfigurationPlatforms) = preSolution
		Debug|Any CPU = Debug|Any CPU
		Release|Any CPU = Release|Any CPU
	EndGlobalSection
	GlobalSection(ProjectConfigurationPlatforms) = postSolution
		{35F0207C-4CDC-4200-8C3D-600014E49CC0}.Debug|Any CPU.ActiveCfg = Debug|Any CPU
		{35F0207C-4CDC-4200-8C3D-600014E49CC0}.Debug|Any CPU.Build.0 = Debug|Any CPU
		{35F0207C-4CDC-4200-8C3D-600014E49CC0}.Release|Any CPU.ActiveCfg = Release|Any CPU
		{35F0207C-4CDC-4200-8C3D-600014E49CC0}.Release|Any CPU.Build.0 = Release|Any CPU
		{94E51EC5-3369-4F93-809A-58C90157FB90}.Debug|Any CPU.ActiveCfg = Debug|Any CPU
		{94E51EC5-3369-4F93-809A-58C90157FB90}.Debug|Any CPU.Build.0 = Debug|Any CPU
		{94E51EC5-3369-4F93-809A-58C90157FB90}.Release|Any CPU.ActiveCfg = Release|Any CPU
		{94E51EC5-3369-4F93-809A-58C90157FB90}.Release|Any CPU.Build.0 = Release|Any CPU
	EndGlobalSection
	GlobalSection(SolutionProperties) = preSolution
		HideSolutionNode = FALSE
	EndGlobalSection
	GlobalSection(ExtensibilityGlobals) = postSolution
		SolutionGuid = {532D4969-2B23-4D62-A686-E1704AD885CC}
	EndGlobalSection
EndGlobal
